
Microsoft Visual Studio Solution File, Format Version 12.00
# Visual Studio Version 16
VisualStudioVersion = 16.0.29728.190
MinimumVisualStudioVersion = 10.0.40219.1
Project("{FAE04EC0-301F-11D3-BF4B-00C04F79EFBC}") = "Double Sybtitle", "Double Sybtitle.csproj", "{29F07C86-15BD-4BE8-B301-9AFDEDDE94C0}"
EndProject
Project("{FAE04EC0-301F-11D3-BF4B-00C04F79EFBC}") = "BL", "..\BL\BL.csproj", "{2DC61B82-09C7-49C4-8AB0-0019B8BA3541}"
EndProject
Global
	GlobalSection(SolutionConfigurationPlatforms) = preSolution
		Debug|Any CPU = Debug|Any CPU
		Release|Any CPU = Release|Any CPU
	EndGlobalSection
	GlobalSection(ProjectConfigurationPlatforms) = postSolution
		{29F07C86-15BD-4BE8-B301-9AFDEDDE94C0}.Debug|Any CPU.ActiveCfg = Debug|Any CPU
		{29F07C86-15BD-4BE8-B301-9AFDEDDE94C0}.Debug|Any CPU.Build.0 = Debug|Any CPU
		{29F07C86-15BD-4BE8-B301-9AFDEDDE94C0}.Release|Any CPU.ActiveCfg = Release|Any CPU
		{29F07C86-15BD-4BE8-B301-9AFDEDDE94C0}.Release|Any CPU.Build.0 = Release|Any CPU
		{2DC61B82-09C7-49C4-8AB0-0019B8BA3541}.Debug|Any CPU.ActiveCfg = Debug|Any CPU
		{2DC61B82-09C7-49C4-8AB0-0019B8BA3541}.Debug|Any CPU.Build.0 = Debug|Any CPU
		{2DC61B82-09C7-49C4-8AB0-0019B8BA3541}.Release|Any CPU.ActiveCfg = Release|Any CPU
		{2DC61B82-09C7-49C4-8AB0-0019B8BA3541}.Release|Any CPU.Build.0 = Release|Any CPU
	EndGlobalSection
	GlobalSection(SolutionProperties) = preSolution
		HideSolutionNode = FALSE
	EndGlobalSection
	GlobalSection(ExtensibilityGlobals) = postSolution
		SolutionGuid = {657E38F2-2E08-4863-BEA2-8BC23DD5746B}
	EndGlobalSection
EndGlobal
